
Microsoft Visual Studio Solution File, Format Version 12.00
# Visual Studio Version 17
VisualStudioVersion = 17.12.35707.178
MinimumVisualStudioVersion = 10.0.40219.1
Project("{FAE04EC0-301F-11D3-BF4B-00C04F79EFBC}") = "todo-api", "todo-api\todo-api.csproj", "{392A5A14-6958-4DDA-A9F5-2D8C3F61B6FC}"
EndProject
Project("{E53339B2-1760-4266-BCC7-CA923CBCF16C}") = "docker-compose", "docker-compose.dcproj", "{57024EB0-F109-4EE9-94FE-14BED72EB7A2}"
EndProject
Project("{FAE04EC0-301F-11D3-BF4B-00C04F79EFBC}") = "TodoApi.Tests", "TodoApi.Tests\TodoApi.Tests.csproj", "{61473A5F-5243-4CD8-A7A0-A8F4C766C889}"
EndProject
Project("{FAE04EC0-301F-11D3-BF4B-00C04F79EFBC}") = "TodoApi.Benchmarks", "TodoApi.Benchmarks\TodoApi.Benchmarks.csproj", "{1FA3C924-544F-403C-930B-071570961305}"
EndProject
Global
	GlobalSection(SolutionConfigurationPlatforms) = preSolution
		Debug|Any CPU = Debug|Any CPU
		Release|Any CPU = Release|Any CPU
	EndGlobalSection
	GlobalSection(ProjectConfigurationPlatforms) = postSolution
		{392A5A14-6958-4DDA-A9F5-2D8C3F61B6FC}.Debug|Any CPU.ActiveCfg = Debug|Any CPU
		{392A5A14-6958-4DDA-A9F5-2D8C3F61B6FC}.Debug|Any CPU.Build.0 = Debug|Any CPU
		{392A5A14-6958-4DDA-A9F5-2D8C3F61B6FC}.Release|Any CPU.ActiveCfg = Release|Any CPU
		{392A5A14-6958-4DDA-A9F5-2D8C3F61B6FC}.Release|Any CPU.Build.0 = Release|Any CPU
		{57024EB0-F109-4EE9-94FE-14BED72EB7A2}.Debug|Any CPU.ActiveCfg = Debug|Any CPU
		{57024EB0-F109-4EE9-94FE-14BED72EB7A2}.Debug|Any CPU.Build.0 = Debug|Any CPU
		{57024EB0-F109-4EE9-94FE-14BED72EB7A2}.Release|Any CPU.ActiveCfg = Release|Any CPU
		{57024EB0-F109-4EE9-94FE-14BED72EB7A2}.Release|Any CPU.Build.0 = Release|Any CPU
		{61473A5F-5243-4CD8-A7A0-A8F4C766C889}.Debug|Any CPU.ActiveCfg = Debug|Any CPU
		{61473A5F-5243-4CD8-A7A0-A8F4C766C889}.Debug|Any CPU.Build.0 = Debug|Any CPU
		{61473A5F-5243-4CD8-A7A0-A8F4C766C889}.Release|Any CPU.ActiveCfg = Release|Any CPU
		{61473A5F-5243-4CD8-A7A0-A8F4C766C889}.Release|Any CPU.Build.0 = Release|Any CPU
		{1FA3C924-544F-403C-930B-071570961305}.Debug|Any CPU.ActiveCfg = Debug|Any CPU
		{1FA3C924-544F-403C-930B-071570961305}.Debug|Any CPU.Build.0 = Debug|Any CPU
		{1FA3C924-544F-403C-930B-071570961305}.Release|Any CPU.ActiveCfg = Release|Any CPU
		{1FA3C924-544F-403C-930B-071570961305}.Release|Any CPU.Build.0 = Release|Any CPU
	EndGlobalSection
	GlobalSection(SolutionProperties) = preSolution
		HideSolutionNode = FALSE
	EndGlobalSection
EndGlobal
